{
  "version": "5",
  "specifiers": {
    "jsr:@std/dotenv@~0.225.5": "0.225.8",
    "jsr:@std/fs@^1.0.24": "1.0.24",
    "jsr:@std/internal@^1.0.14": "1.0.14",
    "jsr:@std/path@^1.1.5": "1.1.6",
    "npm:@rolandwarburton/pwgen@^1.1.1": "1.1.1",
    "npm:@types/chrome@^0.0.254": "0.0.254",
    "npm:@types/react@^19.3.0": "19.3.0",
    "npm:goober@^2.1.19": "2.1.19_csstype@3.2.3",
    "npm:qrcode.react@^4.2.0": "4.2.0_react@19.3.0",
    "npm:react-dom@^19.3.0": "19.3.0_react@19.3.0",
    "npm:react-router@^8.4.0": "8.4.0_react@19.3.0_react-dom@19.3.0",
    "npm:react@^19.3.0": "19.3.0"
  },
  "jsr": {
    "@std/dotenv@0.225.8": {
      "integrity": "27b8c1a9d00cbf938345a5924487c04d9b27bdd7e7bd1983f54bcf76d0a0174a"
    },
    "@std/fs@1.0.24": {
      "integrity": "f3061b45b81673a2bece689da041df32d174be064c89eb6397fb5718d3fb7877",
      "dependencies": [
        "jsr:@std/internal",
        "jsr:@std/path"
      ]
    },
    "@std/internal@1.0.14": {
      "integrity": "291516b3d4c35024d6ffbc0a9df5bf4c64116e05b50012cf846710152d2ffdf7"
    },
    "@std/path@1.1.6": {
      "integrity": "c68485c2a4dfbb5ae3cc74fae4e8c4e5d874cf8a8ed12927917235c758b46cbe",
      "dependencies": [
        "jsr:@std/internal"
      ]
    }
  },
  "npm": {
    "@remix-run/route-pattern@0.22.1": {
      "integrity": "sha512-czdGJWh09Lapvcqt7Vb09KlrU2PhRJ8xQaI+AItTuD9aDJ5MAgxnS38lnys6Ll+6RJEqPiaUqTwIQhVLwFvv+w=="
    },
    "@rolandwarburton/pwgen@1.1.1": {
      "integrity": "sha512-zva474EWMwLDKRuj8sxhohmLX/kOC7Zb2vSdWll2WxsHJw9fU+l6RiFC9LDA7VGj26P3W0G+E0GBe35yMN01Fg=="
    },
    "@types/chrome@0.0.254": {
      "integrity": "sha512-svkOGKwA+6ZZuk9xtrYun8MYpNY/9hD17rgZ19v3KunhsK1ZOKaMESw12/1AXLh1u3UPA8jQIRi2370DXv9wgw==",
      "dependencies": [
        "@types/filesystem",
        "@types/har-format"
      ]
    },
    "@types/filesystem@0.0.36": {
      "integrity": "sha512-vPDXOZuannb9FZdxgHnqSwAG/jvdGM8Wq+6N4D/d80z+D4HWH+bItqsZaVRQykAn6WEVeEkLm2oQigyHtgb0RA==",
      "dependencies": [
        "@types/filewriter"
      ]
    },
    "@types/filewriter@0.0.33": {
      "integrity": "sha512-xFU8ZXTw4gd358lb2jw25nxY9QAgqn2+bKKjKOYfNCzN4DKCFetK7sPtrlpg66Ywe3vWY9FNxprZawAh9wfJ3g=="
    },
    "@types/har-format@1.2.16": {
      "integrity": "sha512-fluxdy7ryD3MV6h8pTfTYpy/xQzCFC7m89nOH9y94cNqJ1mDIDPut7MnRHI3F6qRmh/cT2fUjG1MLdCNb4hE9A=="
    },
    "@types/react@19.3.0": {
      "integrity": "sha512-N0rFCuH9YoxG9/m61l9MfpJKfmLOVU0em7ipIz6TRgSSkvReLB9vL85GB+yr8Bs5leqpvg96JSwF4ZS1s4viQg==",
      "dependencies": [
        "csstype"
      ]
    },
    "cookie-es@3.1.1": {
      "integrity": "sha512-UaXxwISYJPTr9hwQxMFYZ7kNhSXboMXP+Z3TRX6f1/NyaGPfuNUZOWP1pUEb75B2HjfklIYLVRfWiFZJyC6Npg=="
    },
    "csstype@3.2.3": {
      "integrity": "sha512-z1HGKcYy2xA8AGQfwrn0PAy+PB7X/GSj3UVJW9qKyn43xWa+gl5nXmU4qqLMRzWVLFC8KusUX8T/0kCiOYpAIQ=="
    },
    "goober@2.1.19_csstype@3.2.3": {
      "integrity": "sha512-U7veizMqxyKlM58+Z5j2ngJBH/r9siDmxpvNxSw0PylF6WQvrASJEZrxh1hidRBJc2jqoBVSyOban5u8m+6Rxg==",
      "dependencies": [
        "csstype"
      ]
    },
    "qrcode.react@4.2.0_react@19.3.0": {
      "integrity": "sha512-QpgqWi8rD9DsS9EP3z7BT+5lY5SFhsqGjpgW5DY/i3mK4M9DTBNz3ErMi8BWYEfI3L0d8GIbGmcdFAS1uIRGjA==",
      "dependencies": [
        "react"
      ]
    },
    "react-dom@19.3.0_react@19.3.0": {
      "integrity": "sha512-JDk8dgif51OjFoDE70+OT9ICyYr+69HlmihNwp1+Nsfbna3t5sIiCa9ZJktDmQ4/1b/rn26hIAR2uYXDMr5r0Q==",
      "dependencies": [
        "react",
        "scheduler"
      ]
    },
    "react-router@8.4.0_react@19.3.0_react-dom@19.3.0": {
      "integrity": "sha512-JtydAkBvU9UTEe5qNC+POhu+ZBNM7rlKY2IegwXc7Idj7xfRG16x5RZrw3mju+XlqBxfvb2ky9P3jUp9WyWC1g==",
      "dependencies": [
        "@remix-run/route-pattern",
        "cookie-es",
        "react",
        "react-dom"
      ],
      "optionalPeers": [
        "react-dom"
      ]
    },
    "react@19.3.0": {
      "integrity": "sha512-E8LUcbtBWt20bbl2YoHfx4ZDBdxVTfOKtCZn9cDSJ4l6/nuoApcpIBcj47t2wZoVX8g2ZHuMHbiShgCR1T5Sog=="
    },
    "scheduler@0.28.0": {
      "integrity": "sha512-juorfCmIkIw8tT+p5BXSm6PJjQF/ycEYmKyzURCIt/RaZIhL+PulbQ9Yu2z1HdOJDdqDTlxA1+xKBmHXJsczAw=="
    }
  },
  "workspace": {
    "dependencies": [
      "jsr:@std/dotenv@~0.225.5",
      "jsr:@std/fs@^1.0.24",
      "npm:@rolandwarburton/pwgen@^1.1.1",
      "npm:@types/chrome@^0.0.254",
      "npm:@types/react@^19.3.0",
      "npm:goober@^2.1.19",
      "npm:qrcode.react@^4.2.0",
      "npm:react-dom@^19.3.0",
      "npm:react-router@^8.4.0",
      "npm:react@^19.3.0"
    ]
  }
}
